
Microsoft Visual Studio Solution File, Format Version 12.00
# Visual Studio Version 17
VisualStudioVersion = 17.6.33723.286
MinimumVisualStudioVersion = 10.0.40219.1
Project("{9A19103F-16F7-4668-BE54-9A1E7A4F7556}") = "OOP-02", "OOP-02\OOP-02.csproj", "{F15D7DB0-356A-4771-B95C-A4565CFF9651}"
EndProject
Project("{FAE04EC0-301F-11D3-BF4B-00C04F79EFBC}") = "OOP-02-02", "OOP-02-02\OOP-02-02.csproj", "{C60418B8-0F32-4110-B19B-A0EB2B8858C2}"
EndProject
Global
	GlobalSection(SolutionConfigurationPlatforms) = preSolution
		Debug|Any CPU = Debug|Any CPU
		Release|Any CPU = Release|Any CPU
	EndGlobalSection
	GlobalSection(ProjectConfigurationPlatforms) = postSolution
		{F15D7DB0-356A-4771-B95C-A4565CFF9651}.Debug|Any CPU.ActiveCfg = Debug|Any CPU
		{F15D7DB0-356A-4771-B95C-A4565CFF9651}.Debug|Any CPU.Build.0 = Debug|Any CPU
		{F15D7DB0-356A-4771-B95C-A4565CFF9651}.Release|Any CPU.ActiveCfg = Release|Any CPU
		{F15D7DB0-356A-4771-B95C-A4565CFF9651}.Release|Any CPU.Build.0 = Release|Any CPU
		{C60418B8-0F32-4110-B19B-A0EB2B8858C2}.Debug|Any CPU.ActiveCfg = Debug|Any CPU
		{C60418B8-0F32-4110-B19B-A0EB2B8858C2}.Debug|Any CPU.Build.0 = Debug|Any CPU
		{C60418B8-0F32-4110-B19B-A0EB2B8858C2}.Release|Any CPU.ActiveCfg = Release|Any CPU
		{C60418B8-0F32-4110-B19B-A0EB2B8858C2}.Release|Any CPU.Build.0 = Release|Any CPU
	EndGlobalSection
	GlobalSection(SolutionProperties) = preSolution
		HideSolutionNode = FALSE
	EndGlobalSection
	GlobalSection(ExtensibilityGlobals) = postSolution
		SolutionGuid = {701772A3-F584-4F61-A09D-8C653EAF07A6}
	EndGlobalSection
EndGlobal
