
Microsoft Visual Studio Solution File, Format Version 12.00
# Visual Studio Version 17
VisualStudioVersion = 17.6.33723.286
MinimumVisualStudioVersion = 10.0.40219.1
Project("{FAE04EC0-301F-11D3-BF4B-00C04F79EFBC}") = "Event", "Event\Event.csproj", "{D64B7CC8-281D-4CCA-9A80-995FF98EAF14}"
EndProject
Project("{FAE04EC0-301F-11D3-BF4B-00C04F79EFBC}") = "EventHandle", "EventHandler\EventHandle.csproj", "{6363C556-89DF-417D-BB55-1FD60E4FC0B0}"
EndProject
Global
	GlobalSection(SolutionConfigurationPlatforms) = preSolution
		Debug|Any CPU = Debug|Any CPU
		Release|Any CPU = Release|Any CPU
	EndGlobalSection
	GlobalSection(ProjectConfigurationPlatforms) = postSolution
		{D64B7CC8-281D-4CCA-9A80-995FF98EAF14}.Debug|Any CPU.ActiveCfg = Debug|Any CPU
		{D64B7CC8-281D-4CCA-9A80-995FF98EAF14}.Debug|Any CPU.Build.0 = Debug|Any CPU
		{D64B7CC8-281D-4CCA-9A80-995FF98EAF14}.Release|Any CPU.ActiveCfg = Release|Any CPU
		{D64B7CC8-281D-4CCA-9A80-995FF98EAF14}.Release|Any CPU.Build.0 = Release|Any CPU
		{6363C556-89DF-417D-BB55-1FD60E4FC0B0}.Debug|Any CPU.ActiveCfg = Debug|Any CPU
		{6363C556-89DF-417D-BB55-1FD60E4FC0B0}.Debug|Any CPU.Build.0 = Debug|Any CPU
		{6363C556-89DF-417D-BB55-1FD60E4FC0B0}.Release|Any CPU.ActiveCfg = Release|Any CPU
		{6363C556-89DF-417D-BB55-1FD60E4FC0B0}.Release|Any CPU.Build.0 = Release|Any CPU
	EndGlobalSection
	GlobalSection(SolutionProperties) = preSolution
		HideSolutionNode = FALSE
	EndGlobalSection
	GlobalSection(ExtensibilityGlobals) = postSolution
		SolutionGuid = {030CBE9C-EAB3-4A48-AC82-2A40663831CB}
	EndGlobalSection
EndGlobal
