
Microsoft Visual Studio Solution File, Format Version 12.00
# Visual Studio Version 17
VisualStudioVersion = 17.6.33723.286
MinimumVisualStudioVersion = 10.0.40219.1
Project("{9A19103F-16F7-4668-BE54-9A1E7A4F7556}") = "SQL-winform", "SQL-winform\SQL-winform.csproj", "{FE54FEBA-E226-4248-8588-3BBF2E66C3DC}"
EndProject
Project("{FAE04EC0-301F-11D3-BF4B-00C04F79EFBC}") = "Winform-sqldata-adapter", "Winform-sqldata-adapter\Winform-sqldata-adapter.csproj", "{F94DEF89-8B14-43E0-A954-5A6F5F90F3FF}"
EndProject
Global
	GlobalSection(SolutionConfigurationPlatforms) = preSolution
		Debug|Any CPU = Debug|Any CPU
		Release|Any CPU = Release|Any CPU
	EndGlobalSection
	GlobalSection(ProjectConfigurationPlatforms) = postSolution
		{FE54FEBA-E226-4248-8588-3BBF2E66C3DC}.Debug|Any CPU.ActiveCfg = Debug|Any CPU
		{FE54FEBA-E226-4248-8588-3BBF2E66C3DC}.Debug|Any CPU.Build.0 = Debug|Any CPU
		{FE54FEBA-E226-4248-8588-3BBF2E66C3DC}.Release|Any CPU.ActiveCfg = Release|Any CPU
		{FE54FEBA-E226-4248-8588-3BBF2E66C3DC}.Release|Any CPU.Build.0 = Release|Any CPU
		{F94DEF89-8B14-43E0-A954-5A6F5F90F3FF}.Debug|Any CPU.ActiveCfg = Debug|Any CPU
		{F94DEF89-8B14-43E0-A954-5A6F5F90F3FF}.Debug|Any CPU.Build.0 = Debug|Any CPU
		{F94DEF89-8B14-43E0-A954-5A6F5F90F3FF}.Release|Any CPU.ActiveCfg = Release|Any CPU
		{F94DEF89-8B14-43E0-A954-5A6F5F90F3FF}.Release|Any CPU.Build.0 = Release|Any CPU
	EndGlobalSection
	GlobalSection(SolutionProperties) = preSolution
		HideSolutionNode = FALSE
	EndGlobalSection
	GlobalSection(ExtensibilityGlobals) = postSolution
		SolutionGuid = {30F1C2DE-CFEA-4486-A664-DF03D913C50F}
	EndGlobalSection
EndGlobal
