
Microsoft Visual Studio Solution File, Format Version 12.00
# Visual Studio Version 17
VisualStudioVersion = 17.6.33723.286
MinimumVisualStudioVersion = 10.0.40219.1
Project("{9A19103F-16F7-4668-BE54-9A1E7A4F7556}") = "22-9-home-work", "22-9-home-work\22-9-home-work.csproj", "{2966246A-EDBF-419F-82F9-4C0B64038E5A}"
EndProject
Project("{FAE04EC0-301F-11D3-BF4B-00C04F79EFBC}") = "22-09-home-work-2", "22-09-home-work-2\22-09-home-work-2.csproj", "{8B908A93-CFB1-475E-BDEB-21FC65F4ADB3}"
EndProject
Global
	GlobalSection(SolutionConfigurationPlatforms) = preSolution
		Debug|Any CPU = Debug|Any CPU
		Release|Any CPU = Release|Any CPU
	EndGlobalSection
	GlobalSection(ProjectConfigurationPlatforms) = postSolution
		{2966246A-EDBF-419F-82F9-4C0B64038E5A}.Debug|Any CPU.ActiveCfg = Debug|Any CPU
		{2966246A-EDBF-419F-82F9-4C0B64038E5A}.Debug|Any CPU.Build.0 = Debug|Any CPU
		{2966246A-EDBF-419F-82F9-4C0B64038E5A}.Release|Any CPU.ActiveCfg = Release|Any CPU
		{2966246A-EDBF-419F-82F9-4C0B64038E5A}.Release|Any CPU.Build.0 = Release|Any CPU
		{8B908A93-CFB1-475E-BDEB-21FC65F4ADB3}.Debug|Any CPU.ActiveCfg = Debug|Any CPU
		{8B908A93-CFB1-475E-BDEB-21FC65F4ADB3}.Debug|Any CPU.Build.0 = Debug|Any CPU
		{8B908A93-CFB1-475E-BDEB-21FC65F4ADB3}.Release|Any CPU.ActiveCfg = Release|Any CPU
		{8B908A93-CFB1-475E-BDEB-21FC65F4ADB3}.Release|Any CPU.Build.0 = Release|Any CPU
	EndGlobalSection
	GlobalSection(SolutionProperties) = preSolution
		HideSolutionNode = FALSE
	EndGlobalSection
	GlobalSection(ExtensibilityGlobals) = postSolution
		SolutionGuid = {8EE52E02-F26B-49CB-98EB-51AD1E3A2A85}
	EndGlobalSection
EndGlobal
