
Microsoft Visual Studio Solution File, Format Version 12.00
# Visual Studio Version 17
VisualStudioVersion = 17.6.33723.286
MinimumVisualStudioVersion = 10.0.40219.1
Project("{FAE04EC0-301F-11D3-BF4B-00C04F79EFBC}") = "Lambda", "Lambda\Lambda.csproj", "{AE4A3FDB-D9BC-4C1C-851D-7CF7FE0F7B56}"
EndProject
Global
	GlobalSection(SolutionConfigurationPlatforms) = preSolution
		Debug|Any CPU = Debug|Any CPU
		Release|Any CPU = Release|Any CPU
	EndGlobalSection
	GlobalSection(ProjectConfigurationPlatforms) = postSolution
		{AE4A3FDB-D9BC-4C1C-851D-7CF7FE0F7B56}.Debug|Any CPU.ActiveCfg = Debug|Any CPU
		{AE4A3FDB-D9BC-4C1C-851D-7CF7FE0F7B56}.Debug|Any CPU.Build.0 = Debug|Any CPU
		{AE4A3FDB-D9BC-4C1C-851D-7CF7FE0F7B56}.Release|Any CPU.ActiveCfg = Release|Any CPU
		{AE4A3FDB-D9BC-4C1C-851D-7CF7FE0F7B56}.Release|Any CPU.Build.0 = Release|Any CPU
	EndGlobalSection
	GlobalSection(SolutionProperties) = preSolution
		HideSolutionNode = FALSE
	EndGlobalSection
	GlobalSection(ExtensibilityGlobals) = postSolution
		SolutionGuid = {33781011-4527-4EA5-924F-A009A4D8CEB4}
	EndGlobalSection
EndGlobal
