
Microsoft Visual Studio Solution File, Format Version 12.00
# Visual Studio Version 17
VisualStudioVersion = 17.6.33723.286
MinimumVisualStudioVersion = 10.0.40219.1
Project("{9A19103F-16F7-4668-BE54-9A1E7A4F7556}") = "GUI", "GUI\GUI.csproj", "{CDB40B70-AAB7-4807-A043-67354767FF8F}"
EndProject
Project("{FAE04EC0-301F-11D3-BF4B-00C04F79EFBC}") = "DTO", "DTO\DTO.csproj", "{4EC791EA-4DD3-41DD-A13F-9E7328F0309F}"
EndProject
Project("{FAE04EC0-301F-11D3-BF4B-00C04F79EFBC}") = "DAO", "DAO\DAO.csproj", "{155059B0-63D3-4AEA-8637-0B09CB147E3B}"
EndProject
Project("{FAE04EC0-301F-11D3-BF4B-00C04F79EFBC}") = "BLL", "BLL\BLL.csproj", "{81A5328B-7E45-4421-B09A-BC26CAA0CCAB}"
EndProject
Global
	GlobalSection(SolutionConfigurationPlatforms) = preSolution
		Debug|Any CPU = Debug|Any CPU
		Release|Any CPU = Release|Any CPU
	EndGlobalSection
	GlobalSection(ProjectConfigurationPlatforms) = postSolution
		{CDB40B70-AAB7-4807-A043-67354767FF8F}.Debug|Any CPU.ActiveCfg = Debug|Any CPU
		{CDB40B70-AAB7-4807-A043-67354767FF8F}.Debug|Any CPU.Build.0 = Debug|Any CPU
		{CDB40B70-AAB7-4807-A043-67354767FF8F}.Release|Any CPU.ActiveCfg = Release|Any CPU
		{CDB40B70-AAB7-4807-A043-67354767FF8F}.Release|Any CPU.Build.0 = Release|Any CPU
		{4EC791EA-4DD3-41DD-A13F-9E7328F0309F}.Debug|Any CPU.ActiveCfg = Debug|Any CPU
		{4EC791EA-4DD3-41DD-A13F-9E7328F0309F}.Debug|Any CPU.Build.0 = Debug|Any CPU
		{4EC791EA-4DD3-41DD-A13F-9E7328F0309F}.Release|Any CPU.ActiveCfg = Release|Any CPU
		{4EC791EA-4DD3-41DD-A13F-9E7328F0309F}.Release|Any CPU.Build.0 = Release|Any CPU
		{155059B0-63D3-4AEA-8637-0B09CB147E3B}.Debug|Any CPU.ActiveCfg = Debug|Any CPU
		{155059B0-63D3-4AEA-8637-0B09CB147E3B}.Debug|Any CPU.Build.0 = Debug|Any CPU
		{155059B0-63D3-4AEA-8637-0B09CB147E3B}.Release|Any CPU.ActiveCfg = Release|Any CPU
		{155059B0-63D3-4AEA-8637-0B09CB147E3B}.Release|Any CPU.Build.0 = Release|Any CPU
		{81A5328B-7E45-4421-B09A-BC26CAA0CCAB}.Debug|Any CPU.ActiveCfg = Debug|Any CPU
		{81A5328B-7E45-4421-B09A-BC26CAA0CCAB}.Debug|Any CPU.Build.0 = Debug|Any CPU
		{81A5328B-7E45-4421-B09A-BC26CAA0CCAB}.Release|Any CPU.ActiveCfg = Release|Any CPU
		{81A5328B-7E45-4421-B09A-BC26CAA0CCAB}.Release|Any CPU.Build.0 = Release|Any CPU
	EndGlobalSection
	GlobalSection(SolutionProperties) = preSolution
		HideSolutionNode = FALSE
	EndGlobalSection
	GlobalSection(ExtensibilityGlobals) = postSolution
		SolutionGuid = {366ECABB-17C0-4885-BED2-C4ADC1C75AE2}
	EndGlobalSection
EndGlobal
